{
  "name": "node-app",
  "version": "1.0.0",
  "lockfileVersion": 1,
  "requires": true,
  "dependencies": {
    "olly-lib": {
      "version": "1.0.0",
      "resolved": "https://registry.npmjs.org/olly-lib/-/olly-lib-1.0.0.tgz",
      "integrity": "sha512-0Psov22A29pxofRyj4p4Y4ewOWqhK1bUmTAPMXLPD/sHBMM8RtqgPEGkUFc+1bO8PhFappz93BHNCIDPuHMydA=="
    }
  }
}
